
Microsoft Visual Studio Solution File, Format Version 11.00
# Visual Studio 2010
Project("{FAE04EC0-301F-11D3-BF4B-00C04F79EFBC}") = "Within-d078b329b4c386ee5ee654f95cce0227adfedfd2", "Assembly-CSharp.csproj", "{130273D9-D753-6FF6-4A56-4F169CBCF603}"
EndProject
Global
	GlobalSection(SolutionConfigurationPlatforms) = preSolution
		Debug|Any CPU = Debug|Any CPU
		Release|Any CPU = Release|Any CPU
	EndGlobalSection
	GlobalSection(ProjectConfigurationPlatforms) = postSolution
		{130273D9-D753-6FF6-4A56-4F169CBCF603}.Debug|Any CPU.ActiveCfg = Debug|Any CPU
		{130273D9-D753-6FF6-4A56-4F169CBCF603}.Debug|Any CPU.Build.0 = Debug|Any CPU
		{130273D9-D753-6FF6-4A56-4F169CBCF603}.Release|Any CPU.ActiveCfg = Release|Any CPU
		{130273D9-D753-6FF6-4A56-4F169CBCF603}.Release|Any CPU.Build.0 = Release|Any CPU
	EndGlobalSection
	GlobalSection(SolutionProperties) = preSolution
		HideSolutionNode = FALSE
	EndGlobalSection
	GlobalSection(MonoDevelopProperties) = preSolution
		StartupItem = Assembly-CSharp.csproj
	EndGlobalSection
EndGlobal
