
Microsoft Visual Studio Solution File, Format Version 12.00
# Visual Studio 15
VisualStudioVersion = 15.0.26730.15
MinimumVisualStudioVersion = 10.0.40219.1
Project("{FAE04EC0-301F-11D3-BF4B-00C04F79EFBC}") = "Origami", "Origami\Origami.csproj", "{13A45C13-3265-47B8-BC48-A553B569DF55}"
EndProject
Project("{FAE04EC0-301F-11D3-BF4B-00C04F79EFBC}") = "Assembly-CSharp", "C:\Users\natha_000\Documents\GitHub\Within\App\GeneratedProjects\UWP\Assembly-CSharp\Assembly-CSharp.csproj", "{464222E7-D62E-4FCE-A0AE-FFD74CE468E5}"
EndProject
Project("{FAE04EC0-301F-11D3-BF4B-00C04F79EFBC}") = "Assembly-CSharp-firstpass", "C:\Users\natha_000\Documents\GitHub\Within\App\GeneratedProjects\UWP\Assembly-CSharp-firstpass\Assembly-CSharp-firstpass.csproj", "{F3FA1435-1C94-47F0-BF4A-B8B5D6F8C65E}"
EndProject
Global
	GlobalSection(SolutionConfigurationPlatforms) = preSolution
		Debug|ARM = Debug|ARM
		Debug|x64 = Debug|x64
		Debug|x86 = Debug|x86
		Master|ARM = Master|ARM
		Master|x64 = Master|x64
		Master|x86 = Master|x86
		Release|ARM = Release|ARM
		Release|x64 = Release|x64
		Release|x86 = Release|x86
	EndGlobalSection
	GlobalSection(ProjectConfigurationPlatforms) = postSolution
		{13A45C13-3265-47B8-BC48-A553B569DF55}.Debug|ARM.ActiveCfg = Debug|ARM
		{13A45C13-3265-47B8-BC48-A553B569DF55}.Debug|ARM.Build.0 = Debug|ARM
		{13A45C13-3265-47B8-BC48-A553B569DF55}.Debug|ARM.Deploy.0 = Debug|ARM
		{13A45C13-3265-47B8-BC48-A553B569DF55}.Debug|x64.ActiveCfg = Debug|x64
		{13A45C13-3265-47B8-BC48-A553B569DF55}.Debug|x64.Build.0 = Debug|x64
		{13A45C13-3265-47B8-BC48-A553B569DF55}.Debug|x64.Deploy.0 = Debug|x64
		{13A45C13-3265-47B8-BC48-A553B569DF55}.Debug|x86.ActiveCfg = Debug|x86
		{13A45C13-3265-47B8-BC48-A553B569DF55}.Debug|x86.Build.0 = Debug|x86
		{13A45C13-3265-47B8-BC48-A553B569DF55}.Debug|x86.Deploy.0 = Debug|x86
		{13A45C13-3265-47B8-BC48-A553B569DF55}.Master|ARM.ActiveCfg = Master|ARM
		{13A45C13-3265-47B8-BC48-A553B569DF55}.Master|ARM.Build.0 = Master|ARM
		{13A45C13-3265-47B8-BC48-A553B569DF55}.Master|ARM.Deploy.0 = Master|ARM
		{13A45C13-3265-47B8-BC48-A553B569DF55}.Master|x64.ActiveCfg = Master|x64
		{13A45C13-3265-47B8-BC48-A553B569DF55}.Master|x64.Build.0 = Master|x64
		{13A45C13-3265-47B8-BC48-A553B569DF55}.Master|x64.Deploy.0 = Master|x64
		{13A45C13-3265-47B8-BC48-A553B569DF55}.Master|x86.ActiveCfg = Master|x86
		{13A45C13-3265-47B8-BC48-A553B569DF55}.Master|x86.Build.0 = Master|x86
		{13A45C13-3265-47B8-BC48-A553B569DF55}.Master|x86.Deploy.0 = Master|x86
		{13A45C13-3265-47B8-BC48-A553B569DF55}.Release|ARM.ActiveCfg = Release|ARM
		{13A45C13-3265-47B8-BC48-A553B569DF55}.Release|ARM.Build.0 = Release|ARM
		{13A45C13-3265-47B8-BC48-A553B569DF55}.Release|ARM.Deploy.0 = Release|ARM
		{13A45C13-3265-47B8-BC48-A553B569DF55}.Release|x64.ActiveCfg = Release|x64
		{13A45C13-3265-47B8-BC48-A553B569DF55}.Release|x64.Build.0 = Release|x64
		{13A45C13-3265-47B8-BC48-A553B569DF55}.Release|x64.Deploy.0 = Release|x64
		{13A45C13-3265-47B8-BC48-A553B569DF55}.Release|x86.ActiveCfg = Release|x86
		{13A45C13-3265-47B8-BC48-A553B569DF55}.Release|x86.Build.0 = Release|x86
		{13A45C13-3265-47B8-BC48-A553B569DF55}.Release|x86.Deploy.0 = Release|x86
		{464222E7-D62E-4FCE-A0AE-FFD74CE468E5}.Debug|ARM.ActiveCfg = Debug|ARM
		{464222E7-D62E-4FCE-A0AE-FFD74CE468E5}.Debug|ARM.Build.0 = Debug|ARM
		{464222E7-D62E-4FCE-A0AE-FFD74CE468E5}.Debug|x64.ActiveCfg = Debug|x64
		{464222E7-D62E-4FCE-A0AE-FFD74CE468E5}.Debug|x64.Build.0 = Debug|x64
		{464222E7-D62E-4FCE-A0AE-FFD74CE468E5}.Debug|x86.ActiveCfg = Debug|x86
		{464222E7-D62E-4FCE-A0AE-FFD74CE468E5}.Debug|x86.Build.0 = Debug|x86
		{464222E7-D62E-4FCE-A0AE-FFD74CE468E5}.Master|ARM.ActiveCfg = Master|ARM
		{464222E7-D62E-4FCE-A0AE-FFD74CE468E5}.Master|ARM.Build.0 = Master|ARM
		{464222E7-D62E-4FCE-A0AE-FFD74CE468E5}.Master|x64.ActiveCfg = Master|x64
		{464222E7-D62E-4FCE-A0AE-FFD74CE468E5}.Master|x64.Build.0 = Master|x64
		{464222E7-D62E-4FCE-A0AE-FFD74CE468E5}.Master|x86.ActiveCfg = Master|x86
		{464222E7-D62E-4FCE-A0AE-FFD74CE468E5}.Master|x86.Build.0 = Master|x86
		{464222E7-D62E-4FCE-A0AE-FFD74CE468E5}.Release|ARM.ActiveCfg = Release|ARM
		{464222E7-D62E-4FCE-A0AE-FFD74CE468E5}.Release|ARM.Build.0 = Release|ARM
		{464222E7-D62E-4FCE-A0AE-FFD74CE468E5}.Release|x64.ActiveCfg = Release|x64
		{464222E7-D62E-4FCE-A0AE-FFD74CE468E5}.Release|x64.Build.0 = Release|x64
		{464222E7-D62E-4FCE-A0AE-FFD74CE468E5}.Release|x86.ActiveCfg = Release|x86
		{464222E7-D62E-4FCE-A0AE-FFD74CE468E5}.Release|x86.Build.0 = Release|x86
		{F3FA1435-1C94-47F0-BF4A-B8B5D6F8C65E}.Debug|ARM.ActiveCfg = Debug|ARM
		{F3FA1435-1C94-47F0-BF4A-B8B5D6F8C65E}.Debug|ARM.Build.0 = Debug|ARM
		{F3FA1435-1C94-47F0-BF4A-B8B5D6F8C65E}.Debug|x64.ActiveCfg = Debug|x64
		{F3FA1435-1C94-47F0-BF4A-B8B5D6F8C65E}.Debug|x64.Build.0 = Debug|x64
		{F3FA1435-1C94-47F0-BF4A-B8B5D6F8C65E}.Debug|x86.ActiveCfg = Debug|x86
		{F3FA1435-1C94-47F0-BF4A-B8B5D6F8C65E}.Debug|x86.Build.0 = Debug|x86
		{F3FA1435-1C94-47F0-BF4A-B8B5D6F8C65E}.Master|ARM.ActiveCfg = Master|ARM
		{F3FA1435-1C94-47F0-BF4A-B8B5D6F8C65E}.Master|ARM.Build.0 = Master|ARM
		{F3FA1435-1C94-47F0-BF4A-B8B5D6F8C65E}.Master|x64.ActiveCfg = Master|x64
		{F3FA1435-1C94-47F0-BF4A-B8B5D6F8C65E}.Master|x64.Build.0 = Master|x64
		{F3FA1435-1C94-47F0-BF4A-B8B5D6F8C65E}.Master|x86.ActiveCfg = Master|x86
		{F3FA1435-1C94-47F0-BF4A-B8B5D6F8C65E}.Master|x86.Build.0 = Master|x86
		{F3FA1435-1C94-47F0-BF4A-B8B5D6F8C65E}.Release|ARM.ActiveCfg = Release|ARM
		{F3FA1435-1C94-47F0-BF4A-B8B5D6F8C65E}.Release|ARM.Build.0 = Release|ARM
		{F3FA1435-1C94-47F0-BF4A-B8B5D6F8C65E}.Release|x64.ActiveCfg = Release|x64
		{F3FA1435-1C94-47F0-BF4A-B8B5D6F8C65E}.Release|x64.Build.0 = Release|x64
		{F3FA1435-1C94-47F0-BF4A-B8B5D6F8C65E}.Release|x86.ActiveCfg = Release|x86
		{F3FA1435-1C94-47F0-BF4A-B8B5D6F8C65E}.Release|x86.Build.0 = Release|x86
	EndGlobalSection
	GlobalSection(SolutionProperties) = preSolution
		HideSolutionNode = FALSE
	EndGlobalSection
	GlobalSection(ExtensibilityGlobals) = postSolution
		SolutionGuid = {E145AFCA-362E-4D25-A750-96C27E515B4D}
	EndGlobalSection
EndGlobal
